// !$*UTF8*$!
{
	archiveVersion = 1;
	classes = {
	};
	objectVersion = 46;
	objects = {

/* Begin PBXBuildFile section */
		3DF5011E1AA09A85001A5221 /* AppDelegate.m in Sources */ = {isa = PBXBuildFile; fileRef = 3DF5011D1AA09A85001A5221 /* AppDelegate.m */; };
		3DF501201AA09A85001A5221 /* main.m in Sources */ = {isa = PBXBuildFile; fileRef = 3DF5011F1AA09A85001A5221 /* main.m */; };
		3DF501231AA09A85001A5221 /* Document.m in Sources */ = {isa = PBXBuildFile; fileRef = 3DF501221AA09A85001A5221 /* Document.m */; };
		3DF501261AA09A85001A5221 /* Document.xib in Resources */ = {isa = PBXBuildFile; fileRef = 3DF501241AA09A85001A5221 /* Document.xib */; };
		3DF501291AA09A85001A5221 /* Document.xcdatamodeld in Sources */ = {isa = PBXBuildFile; fileRef = 3DF501271AA09A85001A5221 /* Document.xcdatamodeld */; };
		3DF5012B1AA09A85001A5221 /* Images.xcassets in Resources */ = {isa = PBXBuildFile; fileRef = 3DF5012A1AA09A85001A5221 /* Images.xcassets */; };
		3DF5012E1AA09A85001A5221 /* MainMenu.xib in Resources */ = {isa = PBXBuildFile; fileRef = 3DF5012C1AA09A85001A5221 /* MainMenu.xib */; };
		3DF5013A1AA09A86001A5221 /* CarLotTests.m in Sources */ = {isa = PBXBuildFile; fileRef = 3DF501391AA09A86001A5221 /* CarLotTests.m */; };
		3DF501451AA0BFA8001A5221 /* MOCarArrayController.m in Sources */ = {isa = PBXBuildFile; fileRef = 3DF501441AA0BFA8001A5221 /* MOCarArrayController.m */; };
/* End PBXBuildFile section */

/* Begin PBXContainerItemProxy section */
		3DF501341AA09A86001A5221 /* PBXContainerItemProxy */ = {
			isa = PBXContainerItemProxy;
			containerPortal = 3DF5010F1AA09A85001A5221 /* Project object */;
			proxyType = 1;
			remoteGlobalIDString = 3DF501161AA09A85001A5221;
			remoteInfo = CarLot;
		};
/* End PBXContainerItemProxy section */

/* Begin PBXFileReference section */
		3DF501171AA09A85001A5221 /* CarLot.app */ = {isa = PBXFileReference; explicitFileType = wrapper.application; includeInIndex = 0; path = CarLot.app; sourceTree = BUILT_PRODUCTS_DIR; };
		3DF5011B1AA09A85001A5221 /* Info.plist */ = {isa = PBXFileReference; lastKnownFileType = text.plist.xml; path = Info.plist; sourceTree = "<group>"; };
		3DF5011C1AA09A85001A5221 /* AppDelegate.h */ = {isa = PBXFileReference; lastKnownFileType = sourcecode.c.h; path = AppDelegate.h; sourceTree = "<group>"; };
		3DF5011D1AA09A85001A5221 /* AppDelegate.m */ = {isa = PBXFileReference; lastKnownFileType = sourcecode.c.objc; path = AppDelegate.m; sourceTree = "<group>"; };
		3DF5011F1AA09A85001A5221 /* main.m */ = {isa = PBXFileReference; lastKnownFileType = sourcecode.c.objc; path = main.m; sourceTree = "<group>"; };
		3DF501211AA09A85001A5221 /* Document.h */ = {isa = PBXFileReference; lastKnownFileType = sourcecode.c.h; path = Document.h; sourceTree = "<group>"; };
		3DF501221AA09A85001A5221 /* Document.m */ = {isa = PBXFileReference; lastKnownFileType = sourcecode.c.objc; path = Document.m; sourceTree = "<group>"; };
		3DF501251AA09A85001A5221 /* Base */ = {isa = PBXFileReference; lastKnownFileType = file.xib; name = Base; path = Base.lproj/Document.xib; sourceTree = "<group>"; };
		3DF501281AA09A85001A5221 /* Document.xcdatamodel */ = {isa = PBXFileReference; lastKnownFileType = wrapper.xcdatamodel; path = Document.xcdatamodel; sourceTree = "<group>"; };
		3DF5012A1AA09A85001A5221 /* Images.xcassets */ = {isa = PBXFileReference; lastKnownFileType = folder.assetcatalog; path = Images.xcassets; sourceTree = "<group>"; };
		3DF5012D1AA09A85001A5221 /* Base */ = {isa = PBXFileReference; lastKnownFileType = file.xib; name = Base; path = Base.lproj/MainMenu.xib; sourceTree = "<group>"; };
		3DF501331AA09A85001A5221 /* CarLotTests.xctest */ = {isa = PBXFileReference; explicitFileType = wrapper.cfbundle; includeInIndex = 0; path = CarLotTests.xctest; sourceTree = BUILT_PRODUCTS_DIR; };
		3DF501381AA09A86001A5221 /* Info.plist */ = {isa = PBXFileReference; lastKnownFileType = text.plist.xml; path = Info.plist; sourceTree = "<group>"; };
		3DF501391AA09A86001A5221 /* CarLotTests.m */ = {isa = PBXFileReference; lastKnownFileType = sourcecode.c.objc; path = CarLotTests.m; sourceTree = "<group>"; };
		3DF501431AA0BFA8001A5221 /* MOCarArrayController.h */ = {isa = PBXFileReference; fileEncoding = 4; lastKnownFileType = sourcecode.c.h; path = MOCarArrayController.h; sourceTree = "<group>"; };
		3DF501441AA0BFA8001A5221 /* MOCarArrayController.m */ = {isa = PBXFileReference; fileEncoding = 4; lastKnownFileType = sourcecode.c.objc; path = MOCarArrayController.m; sourceTree = "<group>"; };
/* End PBXFileReference section */

/* Begin PBXFrameworksBuildPhase section */
		3DF501141AA09A85001A5221 /* Frameworks */ = {
			isa = PBXFrameworksBuildPhase;
			buildActionMask = 2147483647;
			files = (
			);
			runOnlyForDeploymentPostprocessing = 0;
		};
		3DF501301AA09A85001A5221 /* Frameworks */ = {
			isa = PBXFrameworksBuildPhase;
			buildActionMask = 2147483647;
			files = (
			);
			runOnlyForDeploymentPostprocessing = 0;
		};
/* End PBXFrameworksBuildPhase section */

/* Begin PBXGroup section */
		3DF5010E1AA09A85001A5221 = {
			isa = PBXGroup;
			children = (
				3DF501191AA09A85001A5221 /* CarLot */,
				3DF501361AA09A86001A5221 /* CarLotTests */,
				3DF501181AA09A85001A5221 /* Products */,
			);
			sourceTree = "<group>";
		};
		3DF501181AA09A85001A5221 /* Products */ = {
			isa = PBXGroup;
			children = (
				3DF501171AA09A85001A5221 /* CarLot.app */,
				3DF501331AA09A85001A5221 /* CarLotTests.xctest */,
			);
			name = Products;
			sourceTree = "<group>";
		};
		3DF501191AA09A85001A5221 /* CarLot */ = {
			isa = PBXGroup;
			children = (
				3DF5011C1AA09A85001A5221 /* AppDelegate.h */,
				3DF5011D1AA09A85001A5221 /* AppDelegate.m */,
				3DF501211AA09A85001A5221 /* Document.h */,
				3DF501221AA09A85001A5221 /* Document.m */,
				3DF501241AA09A85001A5221 /* Document.xib */,
				3DF501431AA0BFA8001A5221 /* MOCarArrayController.h */,
				3DF501441AA0BFA8001A5221 /* MOCarArrayController.m */,
				3DF5012A1AA09A85001A5221 /* Images.xcassets */,
				3DF5012C1AA09A85001A5221 /* MainMenu.xib */,
				3DF501271AA09A85001A5221 /* Document.xcdatamodeld */,
				3DF5011A1AA09A85001A5221 /* Supporting Files */,
			);
			path = CarLot;
			sourceTree = "<group>";
		};
		3DF5011A1AA09A85001A5221 /* Supporting Files */ = {
			isa = PBXGroup;
			children = (
				3DF5011B1AA09A85001A5221 /* Info.plist */,
				3DF5011F1AA09A85001A5221 /* main.m */,
			);
			name = "Supporting Files";
			sourceTree = "<group>";
		};
		3DF501361AA09A86001A5221 /* CarLotTests */ = {
			isa = PBXGroup;
			children = (
				3DF501391AA09A86001A5221 /* CarLotTests.m */,
				3DF501371AA09A86001A5221 /* Supporting Files */,
			);
			path = CarLotTests;
			sourceTree = "<group>";
		};
		3DF501371AA09A86001A5221 /* Supporting Files */ = {
			isa = PBXGroup;
			children = (
				3DF501381AA09A86001A5221 /* Info.plist */,
			);
			name = "Supporting Files";
			sourceTree = "<group>";
		};
/* End PBXGroup section */

/* Begin PBXNativeTarget section */
		3DF501161AA09A85001A5221 /* CarLot */ = {
			isa = PBXNativeTarget;
			buildConfigurationList = 3DF5013D1AA09A86001A5221 /* Build configuration list for PBXNativeTarget "CarLot" */;
			buildPhases = (
				3DF501131AA09A85001A5221 /* Sources */,
				3DF501141AA09A85001A5221 /* Frameworks */,
				3DF501151AA09A85001A5221 /* Resources */,
			);
			buildRules = (
			);
			dependencies = (
			);
			name = CarLot;
			productName = CarLot;
			productReference = 3DF501171AA09A85001A5221 /* CarLot.app */;
			productType = "com.apple.product-type.application";
		};
		3DF501321AA09A85001A5221 /* CarLotTests */ = {
			isa = PBXNativeTarget;
			buildConfigurationList = 3DF501401AA09A86001A5221 /* Build configuration list for PBXNativeTarget "CarLotTests" */;
			buildPhases = (
				3DF5012F1AA09A85001A5221 /* Sources */,
				3DF501301AA09A85001A5221 /* Frameworks */,
				3DF501311AA09A85001A5221 /* Resources */,
			);
			buildRules = (
			);
			dependencies = (
				3DF501351AA09A86001A5221 /* PBXTargetDependency */,
			);
			name = CarLotTests;
			productName = CarLotTests;
			productReference = 3DF501331AA09A85001A5221 /* CarLotTests.xctest */;
			productType = "com.apple.product-type.bundle.unit-test";
		};
/* End PBXNativeTarget section */

/* Begin PBXProject section */
		3DF5010F1AA09A85001A5221 /* Project object */ = {
			isa = PBXProject;
			attributes = {
				LastUpgradeCheck = 0610;
				ORGANIZATIONNAME = GAZELAINC;
				TargetAttributes = {
					3DF501161AA09A85001A5221 = {
						CreatedOnToolsVersion = 6.1.1;
					};
					3DF501321AA09A85001A5221 = {
						CreatedOnToolsVersion = 6.1.1;
						TestTargetID = 3DF501161AA09A85001A5221;
					};
				};
			};
			buildConfigurationList = 3DF501121AA09A85001A5221 /* Build configuration list for PBXProject "CarLot" */;
			compatibilityVersion = "Xcode 3.2";
			developmentRegion = English;
			hasScannedForEncodings = 0;
			knownRegions = (
				en,
				Base,
			);
			mainGroup = 3DF5010E1AA09A85001A5221;
			productRefGroup = 3DF501181AA09A85001A5221 /* Products */;
			projectDirPath = "";
			projectRoot = "";
			targets = (
				3DF501161AA09A85001A5221 /* CarLot */,
				3DF501321AA09A85001A5221 /* CarLotTests */,
			);
		};
/* End PBXProject section */

/* Begin PBXResourcesBuildPhase section */
		3DF501151AA09A85001A5221 /* Resources */ = {
			isa = PBXResourcesBuildPhase;
			buildActionMask = 2147483647;
			files = (
				3DF501261AA09A85001A5221 /* Document.xib in Resources */,
				3DF5012B1AA09A85001A5221 /* Images.xcassets in Resources */,
				3DF5012E1AA09A85001A5221 /* MainMenu.xib in Resources */,
			);
			runOnlyForDeploymentPostprocessing = 0;
		};
		3DF501311AA09A85001A5221 /* Resources */ = {
			isa = PBXResourcesBuildPhase;
			buildActionMask = 2147483647;
			files = (
			);
			runOnlyForDeploymentPostprocessing = 0;
		};
/* End PBXResourcesBuildPhase section */

/* Begin PBXSourcesBuildPhase section */
		3DF501131AA09A85001A5221 /* Sources */ = {
			isa = PBXSourcesBuildPhase;
			buildActionMask = 2147483647;
			files = (
				3DF501451AA0BFA8001A5221 /* MOCarArrayController.m in Sources */,
				3DF501291AA09A85001A5221 /* Document.xcdatamodeld in Sources */,
				3DF501231AA09A85001A5221 /* Document.m in Sources */,
				3DF501201AA09A85001A5221 /* main.m in Sources */,
				3DF5011E1AA09A85001A5221 /* AppDelegate.m in Sources */,
			);
			runOnlyForDeploymentPostprocessing = 0;
		};
		3DF5012F1AA09A85001A5221 /* Sources */ = {
			isa = PBXSourcesBuildPhase;
			buildActionMask = 2147483647;
			files = (
				3DF5013A1AA09A86001A5221 /* CarLotTests.m in Sources */,
			);
			runOnlyForDeploymentPostprocessing = 0;
		};
/* End PBXSourcesBuildPhase section */

/* Begin PBXTargetDependency section */
		3DF501351AA09A86001A5221 /* PBXTargetDependency */ = {
			isa = PBXTargetDependency;
			target = 3DF501161AA09A85001A5221 /* CarLot */;
			targetProxy = 3DF501341AA09A86001A5221 /* PBXContainerItemProxy */;
		};
/* End PBXTargetDependency section */

/* Begin PBXVariantGroup section */
		3DF501241AA09A85001A5221 /* Document.xib */ = {
			isa = PBXVariantGroup;
			children = (
				3DF501251AA09A85001A5221 /* Base */,
			);
			name = Document.xib;
			sourceTree = "<group>";
		};
		3DF5012C1AA09A85001A5221 /* MainMenu.xib */ = {
			isa = PBXVariantGroup;
			children = (
				3DF5012D1AA09A85001A5221 /* Base */,
			);
			name = MainMenu.xib;
			sourceTree = "<group>";
		};
/* End PBXVariantGroup section */

/* Begin XCBuildConfiguration section */
		3DF5013B1AA09A86001A5221 /* Debug */ = {
			isa = XCBuildConfiguration;
			buildSettings = {
				ALWAYS_SEARCH_USER_PATHS = NO;
				CLANG_CXX_LANGUAGE_STANDARD = "gnu++0x";
				CLANG_CXX_LIBRARY = "libc++";
				CLANG_ENABLE_MODULES = YES;
				CLANG_ENABLE_OBJC_ARC = YES;
				CLANG_WARN_BOOL_CONVERSION = YES;
				CLANG_WARN_CONSTANT_CONVERSION = YES;
				CLANG_WARN_DIRECT_OBJC_ISA_USAGE = YES_ERROR;
				CLANG_WARN_EMPTY_BODY = YES;
				CLANG_WARN_ENUM_CONVERSION = YES;
				CLANG_WARN_INT_CONVERSION = YES;
				CLANG_WARN_OBJC_ROOT_CLASS = YES_ERROR;
				CLANG_WARN_UNREACHABLE_CODE = YES;
				CLANG_WARN__DUPLICATE_METHOD_MATCH = YES;
				CODE_SIGN_IDENTITY = "-";
				COPY_PHASE_STRIP = NO;
				ENABLE_STRICT_OBJC_MSGSEND = YES;
				GCC_C_LANGUAGE_STANDARD = gnu99;
				GCC_DYNAMIC_NO_PIC = NO;
				GCC_OPTIMIZATION_LEVEL = 0;
				GCC_PREPROCESSOR_DEFINITIONS = (
					"DEBUG=1",
					"$(inherited)",
				);
				GCC_SYMBOLS_PRIVATE_EXTERN = NO;
				GCC_WARN_64_TO_32_BIT_CONVERSION = YES;
				GCC_WARN_ABOUT_RETURN_TYPE = YES_ERROR;
				GCC_WARN_UNDECLARED_SELECTOR = YES;
				GCC_WARN_UNINITIALIZED_AUTOS = YES_AGGRESSIVE;
				GCC_WARN_UNUSED_FUNCTION = YES;
				GCC_WARN_UNUSED_VARIABLE = YES;
				MACOSX_DEPLOYMENT_TARGET = 10.10;
				MTL_ENABLE_DEBUG_INFO = YES;
				ONLY_ACTIVE_ARCH = YES;
				SDKROOT = macosx;
			};
			name = Debug;
		};
		3DF5013C1AA09A86001A5221 /* Release */ = {
			isa = XCBuildConfiguration;
			buildSettings = {
				ALWAYS_SEARCH_USER_PATHS = NO;
				CLANG_CXX_LANGUAGE_STANDARD = "gnu++0x";
				CLANG_CXX_LIBRARY = "libc++";
				CLANG_ENABLE_MODULES = YES;
				CLANG_ENABLE_OBJC_ARC = YES;
				CLANG_WARN_BOOL_CONVERSION = YES;
				CLANG_WARN_CONSTANT_CONVERSION = YES;
				CLANG_WARN_DIRECT_OBJC_ISA_USAGE = YES_ERROR;
				CLANG_WARN_EMPTY_BODY = YES;
				CLANG_WARN_ENUM_CONVERSION = YES;
				CLANG_WARN_INT_CONVERSION = YES;
				CLANG_WARN_OBJC_ROOT_CLASS = YES_ERROR;
				CLANG_WARN_UNREACHABLE_CODE = YES;
				CLANG_WARN__DUPLICATE_METHOD_MATCH = YES;
				CODE_SIGN_IDENTITY = "-";
				COPY_PHASE_STRIP = YES;
				DEBUG_INFORMATION_FORMAT = "dwarf-with-dsym";
				ENABLE_NS_ASSERTIONS = NO;
				ENABLE_STRICT_OBJC_MSGSEND = YES;
				GCC_C_LANGUAGE_STANDARD = gnu99;
				GCC_WARN_64_TO_32_BIT_CONVERSION = YES;
				GCC_WARN_ABOUT_RETURN_TYPE = YES_ERROR;
				GCC_WARN_UNDECLARED_SELECTOR = YES;
				GCC_WARN_UNINITIALIZED_AUTOS = YES_AGGRESSIVE;
				GCC_WARN_UNUSED_FUNCTION = YES;
				GCC_WARN_UNUSED_VARIABLE = YES;
				MACOSX_DEPLOYMENT_TARGET = 10.10;
				MTL_ENABLE_DEBUG_INFO = NO;
				SDKROOT = macosx;
			};
			name = Release;
		};
		3DF5013E1AA09A86001A5221 /* Debug */ = {
			isa = XCBuildConfiguration;
			buildSettings = {
				ASSETCATALOG_COMPILER_APPICON_NAME = AppIcon;
				COMBINE_HIDPI_IMAGES = YES;
				INFOPLIST_FILE = CarLot/Info.plist;
				LD_RUNPATH_SEARCH_PATHS = "$(inherited) @executable_path/../Frameworks";
				PRODUCT_NAME = "$(TARGET_NAME)";
			};
			name = Debug;
		};
		3DF5013F1AA09A86001A5221 /* Release */ = {
			isa = XCBuildConfiguration;
			buildSettings = {
				ASSETCATALOG_COMPILER_APPICON_NAME = AppIcon;
				COMBINE_HIDPI_IMAGES = YES;
				INFOPLIST_FILE = CarLot/Info.plist;
				LD_RUNPATH_SEARCH_PATHS = "$(inherited) @executable_path/../Frameworks";
				PRODUCT_NAME = "$(TARGET_NAME)";
			};
			name = Release;
		};
		3DF501411AA09A86001A5221 /* Debug */ = {
			isa = XCBuildConfiguration;
			buildSettings = {
				BUNDLE_LOADER = "$(TEST_HOST)";
				COMBINE_HIDPI_IMAGES = YES;
				FRAMEWORK_SEARCH_PATHS = (
					"$(DEVELOPER_FRAMEWORKS_DIR)",
					"$(inherited)",
				);
				GCC_PREPROCESSOR_DEFINITIONS = (
					"DEBUG=1",
					"$(inherited)",
				);
				INFOPLIST_FILE = CarLotTests/Info.plist;
				LD_RUNPATH_SEARCH_PATHS = "$(inherited) @executable_path/../Frameworks @loader_path/../Frameworks";
				PRODUCT_NAME = "$(TARGET_NAME)";
				TEST_HOST = "$(BUILT_PRODUCTS_DIR)/CarLot.app/Contents/MacOS/CarLot";
			};
			name = Debug;
		};
		3DF501421AA09A86001A5221 /* Release */ = {
			isa = XCBuildConfiguration;
			buildSettings = {
				BUNDLE_LOADER = "$(TEST_HOST)";
				COMBINE_HIDPI_IMAGES = YES;
				FRAMEWORK_SEARCH_PATHS = (
					"$(DEVELOPER_FRAMEWORKS_DIR)",
					"$(inherited)",
				);
				INFOPLIST_FILE = CarLotTests/Info.plist;
				LD_RUNPATH_SEARCH_PATHS = "$(inherited) @executable_path/../Frameworks @loader_path/../Frameworks";
				PRODUCT_NAME = "$(TARGET_NAME)";
				TEST_HOST = "$(BUILT_PRODUCTS_DIR)/CarLot.app/Contents/MacOS/CarLot";
			};
			name = Release;
		};
/* End XCBuildConfiguration section */

/* Begin XCConfigurationList section */
		3DF501121AA09A85001A5221 /* Build configuration list for PBXProject "CarLot" */ = {
			isa = XCConfigurationList;
			buildConfigurations = (
				3DF5013B1AA09A86001A5221 /* Debug */,
				3DF5013C1AA09A86001A5221 /* Release */,
			);
			defaultConfigurationIsVisible = 0;
			defaultConfigurationName = Release;
		};
		3DF5013D1AA09A86001A5221 /* Build configuration list for PBXNativeTarget "CarLot" */ = {
			isa = XCConfigurationList;
			buildConfigurations = (
				3DF5013E1AA09A86001A5221 /* Debug */,
				3DF5013F1AA09A86001A5221 /* Release */,
			);
			defaultConfigurationIsVisible = 0;
		};
		3DF501401AA09A86001A5221 /* Build configuration list for PBXNativeTarget "CarLotTests" */ = {
			isa = XCConfigurationList;
			buildConfigurations = (
				3DF501411AA09A86001A5221 /* Debug */,
				3DF501421AA09A86001A5221 /* Release */,
			);
			defaultConfigurationIsVisible = 0;
		};
/* End XCConfigurationList section */

/* Begin XCVersionGroup section */
		3DF501271AA09A85001A5221 /* Document.xcdatamodeld */ = {
			isa = XCVersionGroup;
			children = (
				3DF501281AA09A85001A5221 /* Document.xcdatamodel */,
			);
			currentVersion = 3DF501281AA09A85001A5221 /* Document.xcdatamodel */;
			path = Document.xcdatamodeld;
			sourceTree = "<group>";
			versionGroupType = wrapper.xcdatamodel;
		};
/* End XCVersionGroup section */
	};
	rootObject = 3DF5010F1AA09A85001A5221 /* Project object */;
}
