// !$*UTF8*$!
{
	archiveVersion = 1;
	classes = {
	};
	objectVersion = 46;
	objects = {

/* Begin PBXBuildFile section */
		3DCDC52A1A9B8E5800B352D2 /* main.m in Sources */ = {isa = PBXBuildFile; fileRef = 3DCDC5291A9B8E5800B352D2 /* main.m */; };
		3DCDC52D1A9B8E5800B352D2 /* AppDelegate.m in Sources */ = {isa = PBXBuildFile; fileRef = 3DCDC52C1A9B8E5800B352D2 /* AppDelegate.m */; };
		3DCDC5301A9B8E5800B352D2 /* ViewController.m in Sources */ = {isa = PBXBuildFile; fileRef = 3DCDC52F1A9B8E5800B352D2 /* ViewController.m */; };
		3DCDC5331A9B8E5800B352D2 /* Main.storyboard in Resources */ = {isa = PBXBuildFile; fileRef = 3DCDC5311A9B8E5800B352D2 /* Main.storyboard */; };
		3DCDC5351A9B8E5800B352D2 /* Images.xcassets in Resources */ = {isa = PBXBuildFile; fileRef = 3DCDC5341A9B8E5800B352D2 /* Images.xcassets */; };
		3DCDC5381A9B8E5800B352D2 /* LaunchScreen.xib in Resources */ = {isa = PBXBuildFile; fileRef = 3DCDC5361A9B8E5800B352D2 /* LaunchScreen.xib */; };
		3DCDC5441A9B8E5800B352D2 /* iTahDoodleIphoneTests.m in Sources */ = {isa = PBXBuildFile; fileRef = 3DCDC5431A9B8E5800B352D2 /* iTahDoodleIphoneTests.m */; };
/* End PBXBuildFile section */

/* Begin PBXContainerItemProxy section */
		3DCDC53E1A9B8E5800B352D2 /* PBXContainerItemProxy */ = {
			isa = PBXContainerItemProxy;
			containerPortal = 3DCDC51C1A9B8E5800B352D2 /* Project object */;
			proxyType = 1;
			remoteGlobalIDString = 3DCDC5231A9B8E5800B352D2;
			remoteInfo = iTahDoodleIphone;
		};
/* End PBXContainerItemProxy section */

/* Begin PBXFileReference section */
		3DCDC5241A9B8E5800B352D2 /* iTahDoodleIphone.app */ = {isa = PBXFileReference; explicitFileType = wrapper.application; includeInIndex = 0; path = iTahDoodleIphone.app; sourceTree = BUILT_PRODUCTS_DIR; };
		3DCDC5281A9B8E5800B352D2 /* Info.plist */ = {isa = PBXFileReference; lastKnownFileType = text.plist.xml; path = Info.plist; sourceTree = "<group>"; };
		3DCDC5291A9B8E5800B352D2 /* main.m */ = {isa = PBXFileReference; lastKnownFileType = sourcecode.c.objc; path = main.m; sourceTree = "<group>"; };
		3DCDC52B1A9B8E5800B352D2 /* AppDelegate.h */ = {isa = PBXFileReference; lastKnownFileType = sourcecode.c.h; path = AppDelegate.h; sourceTree = "<group>"; };
		3DCDC52C1A9B8E5800B352D2 /* AppDelegate.m */ = {isa = PBXFileReference; lastKnownFileType = sourcecode.c.objc; path = AppDelegate.m; sourceTree = "<group>"; };
		3DCDC52E1A9B8E5800B352D2 /* ViewController.h */ = {isa = PBXFileReference; lastKnownFileType = sourcecode.c.h; path = ViewController.h; sourceTree = "<group>"; };
		3DCDC52F1A9B8E5800B352D2 /* ViewController.m */ = {isa = PBXFileReference; lastKnownFileType = sourcecode.c.objc; path = ViewController.m; sourceTree = "<group>"; };
		3DCDC5321A9B8E5800B352D2 /* Base */ = {isa = PBXFileReference; lastKnownFileType = file.storyboard; name = Base; path = Base.lproj/Main.storyboard; sourceTree = "<group>"; };
		3DCDC5341A9B8E5800B352D2 /* Images.xcassets */ = {isa = PBXFileReference; lastKnownFileType = folder.assetcatalog; path = Images.xcassets; sourceTree = "<group>"; };
		3DCDC5371A9B8E5800B352D2 /* Base */ = {isa = PBXFileReference; lastKnownFileType = file.xib; name = Base; path = Base.lproj/LaunchScreen.xib; sourceTree = "<group>"; };
		3DCDC53D1A9B8E5800B352D2 /* iTahDoodleIphoneTests.xctest */ = {isa = PBXFileReference; explicitFileType = wrapper.cfbundle; includeInIndex = 0; path = iTahDoodleIphoneTests.xctest; sourceTree = BUILT_PRODUCTS_DIR; };
		3DCDC5421A9B8E5800B352D2 /* Info.plist */ = {isa = PBXFileReference; lastKnownFileType = text.plist.xml; path = Info.plist; sourceTree = "<group>"; };
		3DCDC5431A9B8E5800B352D2 /* iTahDoodleIphoneTests.m */ = {isa = PBXFileReference; lastKnownFileType = sourcecode.c.objc; path = iTahDoodleIphoneTests.m; sourceTree = "<group>"; };
/* End PBXFileReference section */

/* Begin PBXFrameworksBuildPhase section */
		3DCDC5211A9B8E5800B352D2 /* Frameworks */ = {
			isa = PBXFrameworksBuildPhase;
			buildActionMask = 2147483647;
			files = (
			);
			runOnlyForDeploymentPostprocessing = 0;
		};
		3DCDC53A1A9B8E5800B352D2 /* Frameworks */ = {
			isa = PBXFrameworksBuildPhase;
			buildActionMask = 2147483647;
			files = (
			);
			runOnlyForDeploymentPostprocessing = 0;
		};
/* End PBXFrameworksBuildPhase section */

/* Begin PBXGroup section */
		3DCDC51B1A9B8E5800B352D2 = {
			isa = PBXGroup;
			children = (
				3DCDC5261A9B8E5800B352D2 /* iTahDoodleIphone */,
				3DCDC5401A9B8E5800B352D2 /* iTahDoodleIphoneTests */,
				3DCDC5251A9B8E5800B352D2 /* Products */,
			);
			sourceTree = "<group>";
		};
		3DCDC5251A9B8E5800B352D2 /* Products */ = {
			isa = PBXGroup;
			children = (
				3DCDC5241A9B8E5800B352D2 /* iTahDoodleIphone.app */,
				3DCDC53D1A9B8E5800B352D2 /* iTahDoodleIphoneTests.xctest */,
			);
			name = Products;
			sourceTree = "<group>";
		};
		3DCDC5261A9B8E5800B352D2 /* iTahDoodleIphone */ = {
			isa = PBXGroup;
			children = (
				3DCDC52B1A9B8E5800B352D2 /* AppDelegate.h */,
				3DCDC52C1A9B8E5800B352D2 /* AppDelegate.m */,
				3DCDC52E1A9B8E5800B352D2 /* ViewController.h */,
				3DCDC52F1A9B8E5800B352D2 /* ViewController.m */,
				3DCDC5311A9B8E5800B352D2 /* Main.storyboard */,
				3DCDC5341A9B8E5800B352D2 /* Images.xcassets */,
				3DCDC5361A9B8E5800B352D2 /* LaunchScreen.xib */,
				3DCDC5271A9B8E5800B352D2 /* Supporting Files */,
			);
			path = iTahDoodleIphone;
			sourceTree = "<group>";
		};
		3DCDC5271A9B8E5800B352D2 /* Supporting Files */ = {
			isa = PBXGroup;
			children = (
				3DCDC5281A9B8E5800B352D2 /* Info.plist */,
				3DCDC5291A9B8E5800B352D2 /* main.m */,
			);
			name = "Supporting Files";
			sourceTree = "<group>";
		};
		3DCDC5401A9B8E5800B352D2 /* iTahDoodleIphoneTests */ = {
			isa = PBXGroup;
			children = (
				3DCDC5431A9B8E5800B352D2 /* iTahDoodleIphoneTests.m */,
				3DCDC5411A9B8E5800B352D2 /* Supporting Files */,
			);
			path = iTahDoodleIphoneTests;
			sourceTree = "<group>";
		};
		3DCDC5411A9B8E5800B352D2 /* Supporting Files */ = {
			isa = PBXGroup;
			children = (
				3DCDC5421A9B8E5800B352D2 /* Info.plist */,
			);
			name = "Supporting Files";
			sourceTree = "<group>";
		};
/* End PBXGroup section */

/* Begin PBXNativeTarget section */
		3DCDC5231A9B8E5800B352D2 /* iTahDoodleIphone */ = {
			isa = PBXNativeTarget;
			buildConfigurationList = 3DCDC5471A9B8E5800B352D2 /* Build configuration list for PBXNativeTarget "iTahDoodleIphone" */;
			buildPhases = (
				3DCDC5201A9B8E5800B352D2 /* Sources */,
				3DCDC5211A9B8E5800B352D2 /* Frameworks */,
				3DCDC5221A9B8E5800B352D2 /* Resources */,
			);
			buildRules = (
			);
			dependencies = (
			);
			name = iTahDoodleIphone;
			productName = iTahDoodleIphone;
			productReference = 3DCDC5241A9B8E5800B352D2 /* iTahDoodleIphone.app */;
			productType = "com.apple.product-type.application";
		};
		3DCDC53C1A9B8E5800B352D2 /* iTahDoodleIphoneTests */ = {
			isa = PBXNativeTarget;
			buildConfigurationList = 3DCDC54A1A9B8E5800B352D2 /* Build configuration list for PBXNativeTarget "iTahDoodleIphoneTests" */;
			buildPhases = (
				3DCDC5391A9B8E5800B352D2 /* Sources */,
				3DCDC53A1A9B8E5800B352D2 /* Frameworks */,
				3DCDC53B1A9B8E5800B352D2 /* Resources */,
			);
			buildRules = (
			);
			dependencies = (
				3DCDC53F1A9B8E5800B352D2 /* PBXTargetDependency */,
			);
			name = iTahDoodleIphoneTests;
			productName = iTahDoodleIphoneTests;
			productReference = 3DCDC53D1A9B8E5800B352D2 /* iTahDoodleIphoneTests.xctest */;
			productType = "com.apple.product-type.bundle.unit-test";
		};
/* End PBXNativeTarget section */

/* Begin PBXProject section */
		3DCDC51C1A9B8E5800B352D2 /* Project object */ = {
			isa = PBXProject;
			attributes = {
				LastUpgradeCheck = 0610;
				ORGANIZATIONNAME = GAZELAINC;
				TargetAttributes = {
					3DCDC5231A9B8E5800B352D2 = {
						CreatedOnToolsVersion = 6.1.1;
					};
					3DCDC53C1A9B8E5800B352D2 = {
						CreatedOnToolsVersion = 6.1.1;
						TestTargetID = 3DCDC5231A9B8E5800B352D2;
					};
				};
			};
			buildConfigurationList = 3DCDC51F1A9B8E5800B352D2 /* Build configuration list for PBXProject "iTahDoodleIphone" */;
			compatibilityVersion = "Xcode 3.2";
			developmentRegion = English;
			hasScannedForEncodings = 0;
			knownRegions = (
				en,
				Base,
			);
			mainGroup = 3DCDC51B1A9B8E5800B352D2;
			productRefGroup = 3DCDC5251A9B8E5800B352D2 /* Products */;
			projectDirPath = "";
			projectRoot = "";
			targets = (
				3DCDC5231A9B8E5800B352D2 /* iTahDoodleIphone */,
				3DCDC53C1A9B8E5800B352D2 /* iTahDoodleIphoneTests */,
			);
		};
/* End PBXProject section */

/* Begin PBXResourcesBuildPhase section */
		3DCDC5221A9B8E5800B352D2 /* Resources */ = {
			isa = PBXResourcesBuildPhase;
			buildActionMask = 2147483647;
			files = (
				3DCDC5331A9B8E5800B352D2 /* Main.storyboard in Resources */,
				3DCDC5381A9B8E5800B352D2 /* LaunchScreen.xib in Resources */,
				3DCDC5351A9B8E5800B352D2 /* Images.xcassets in Resources */,
			);
			runOnlyForDeploymentPostprocessing = 0;
		};
		3DCDC53B1A9B8E5800B352D2 /* Resources */ = {
			isa = PBXResourcesBuildPhase;
			buildActionMask = 2147483647;
			files = (
			);
			runOnlyForDeploymentPostprocessing = 0;
		};
/* End PBXResourcesBuildPhase section */

/* Begin PBXSourcesBuildPhase section */
		3DCDC5201A9B8E5800B352D2 /* Sources */ = {
			isa = PBXSourcesBuildPhase;
			buildActionMask = 2147483647;
			files = (
				3DCDC5301A9B8E5800B352D2 /* ViewController.m in Sources */,
				3DCDC52D1A9B8E5800B352D2 /* AppDelegate.m in Sources */,
				3DCDC52A1A9B8E5800B352D2 /* main.m in Sources */,
			);
			runOnlyForDeploymentPostprocessing = 0;
		};
		3DCDC5391A9B8E5800B352D2 /* Sources */ = {
			isa = PBXSourcesBuildPhase;
			buildActionMask = 2147483647;
			files = (
				3DCDC5441A9B8E5800B352D2 /* iTahDoodleIphoneTests.m in Sources */,
			);
			runOnlyForDeploymentPostprocessing = 0;
		};
/* End PBXSourcesBuildPhase section */

/* Begin PBXTargetDependency section */
		3DCDC53F1A9B8E5800B352D2 /* PBXTargetDependency */ = {
			isa = PBXTargetDependency;
			target = 3DCDC5231A9B8E5800B352D2 /* iTahDoodleIphone */;
			targetProxy = 3DCDC53E1A9B8E5800B352D2 /* PBXContainerItemProxy */;
		};
/* End PBXTargetDependency section */

/* Begin PBXVariantGroup section */
		3DCDC5311A9B8E5800B352D2 /* Main.storyboard */ = {
			isa = PBXVariantGroup;
			children = (
				3DCDC5321A9B8E5800B352D2 /* Base */,
			);
			name = Main.storyboard;
			sourceTree = "<group>";
		};
		3DCDC5361A9B8E5800B352D2 /* LaunchScreen.xib */ = {
			isa = PBXVariantGroup;
			children = (
				3DCDC5371A9B8E5800B352D2 /* Base */,
			);
			name = LaunchScreen.xib;
			sourceTree = "<group>";
		};
/* End PBXVariantGroup section */

/* Begin XCBuildConfiguration section */
		3DCDC5451A9B8E5800B352D2 /* Debug */ = {
			isa = XCBuildConfiguration;
			buildSettings = {
				ALWAYS_SEARCH_USER_PATHS = NO;
				CLANG_CXX_LANGUAGE_STANDARD = "gnu++0x";
				CLANG_CXX_LIBRARY = "libc++";
				CLANG_ENABLE_MODULES = YES;
				CLANG_ENABLE_OBJC_ARC = YES;
				CLANG_WARN_BOOL_CONVERSION = YES;
				CLANG_WARN_CONSTANT_CONVERSION = YES;
				CLANG_WARN_DIRECT_OBJC_ISA_USAGE = YES_ERROR;
				CLANG_WARN_EMPTY_BODY = YES;
				CLANG_WARN_ENUM_CONVERSION = YES;
				CLANG_WARN_INT_CONVERSION = YES;
				CLANG_WARN_OBJC_ROOT_CLASS = YES_ERROR;
				CLANG_WARN_UNREACHABLE_CODE = YES;
				CLANG_WARN__DUPLICATE_METHOD_MATCH = YES;
				"CODE_SIGN_IDENTITY[sdk=iphoneos*]" = "iPhone Developer";
				COPY_PHASE_STRIP = NO;
				ENABLE_STRICT_OBJC_MSGSEND = YES;
				GCC_C_LANGUAGE_STANDARD = gnu99;
				GCC_DYNAMIC_NO_PIC = NO;
				GCC_OPTIMIZATION_LEVEL = 0;
				GCC_PREPROCESSOR_DEFINITIONS = (
					"DEBUG=1",
					"$(inherited)",
				);
				GCC_SYMBOLS_PRIVATE_EXTERN = NO;
				GCC_WARN_64_TO_32_BIT_CONVERSION = YES;
				GCC_WARN_ABOUT_RETURN_TYPE = YES_ERROR;
				GCC_WARN_UNDECLARED_SELECTOR = YES;
				GCC_WARN_UNINITIALIZED_AUTOS = YES_AGGRESSIVE;
				GCC_WARN_UNUSED_FUNCTION = YES;
				GCC_WARN_UNUSED_VARIABLE = YES;
				IPHONEOS_DEPLOYMENT_TARGET = 8.1;
				MTL_ENABLE_DEBUG_INFO = YES;
				ONLY_ACTIVE_ARCH = YES;
				SDKROOT = iphoneos;
			};
			name = Debug;
		};
		3DCDC5461A9B8E5800B352D2 /* Release */ = {
			isa = XCBuildConfiguration;
			buildSettings = {
				ALWAYS_SEARCH_USER_PATHS = NO;
				CLANG_CXX_LANGUAGE_STANDARD = "gnu++0x";
				CLANG_CXX_LIBRARY = "libc++";
				CLANG_ENABLE_MODULES = YES;
				CLANG_ENABLE_OBJC_ARC = YES;
				CLANG_WARN_BOOL_CONVERSION = YES;
				CLANG_WARN_CONSTANT_CONVERSION = YES;
				CLANG_WARN_DIRECT_OBJC_ISA_USAGE = YES_ERROR;
				CLANG_WARN_EMPTY_BODY = YES;
				CLANG_WARN_ENUM_CONVERSION = YES;
				CLANG_WARN_INT_CONVERSION = YES;
				CLANG_WARN_OBJC_ROOT_CLASS = YES_ERROR;
				CLANG_WARN_UNREACHABLE_CODE = YES;
				CLANG_WARN__DUPLICATE_METHOD_MATCH = YES;
				"CODE_SIGN_IDENTITY[sdk=iphoneos*]" = "iPhone Developer";
				COPY_PHASE_STRIP = YES;
				ENABLE_NS_ASSERTIONS = NO;
				ENABLE_STRICT_OBJC_MSGSEND = YES;
				GCC_C_LANGUAGE_STANDARD = gnu99;
				GCC_WARN_64_TO_32_BIT_CONVERSION = YES;
				GCC_WARN_ABOUT_RETURN_TYPE = YES_ERROR;
				GCC_WARN_UNDECLARED_SELECTOR = YES;
				GCC_WARN_UNINITIALIZED_AUTOS = YES_AGGRESSIVE;
				GCC_WARN_UNUSED_FUNCTION = YES;
				GCC_WARN_UNUSED_VARIABLE = YES;
				IPHONEOS_DEPLOYMENT_TARGET = 8.1;
				MTL_ENABLE_DEBUG_INFO = NO;
				SDKROOT = iphoneos;
				VALIDATE_PRODUCT = YES;
			};
			name = Release;
		};
		3DCDC5481A9B8E5800B352D2 /* Debug */ = {
			isa = XCBuildConfiguration;
			buildSettings = {
				ASSETCATALOG_COMPILER_APPICON_NAME = AppIcon;
				INFOPLIST_FILE = iTahDoodleIphone/Info.plist;
				LD_RUNPATH_SEARCH_PATHS = "$(inherited) @executable_path/Frameworks";
				PRODUCT_NAME = "$(TARGET_NAME)";
			};
			name = Debug;
		};
		3DCDC5491A9B8E5800B352D2 /* Release */ = {
			isa = XCBuildConfiguration;
			buildSettings = {
				ASSETCATALOG_COMPILER_APPICON_NAME = AppIcon;
				INFOPLIST_FILE = iTahDoodleIphone/Info.plist;
				LD_RUNPATH_SEARCH_PATHS = "$(inherited) @executable_path/Frameworks";
				PRODUCT_NAME = "$(TARGET_NAME)";
			};
			name = Release;
		};
		3DCDC54B1A9B8E5800B352D2 /* Debug */ = {
			isa = XCBuildConfiguration;
			buildSettings = {
				BUNDLE_LOADER = "$(TEST_HOST)";
				FRAMEWORK_SEARCH_PATHS = (
					"$(SDKROOT)/Developer/Library/Frameworks",
					"$(inherited)",
				);
				GCC_PREPROCESSOR_DEFINITIONS = (
					"DEBUG=1",
					"$(inherited)",
				);
				INFOPLIST_FILE = iTahDoodleIphoneTests/Info.plist;
				LD_RUNPATH_SEARCH_PATHS = "$(inherited) @executable_path/Frameworks @loader_path/Frameworks";
				PRODUCT_NAME = "$(TARGET_NAME)";
				TEST_HOST = "$(BUILT_PRODUCTS_DIR)/iTahDoodleIphone.app/iTahDoodleIphone";
			};
			name = Debug;
		};
		3DCDC54C1A9B8E5800B352D2 /* Release */ = {
			isa = XCBuildConfiguration;
			buildSettings = {
				BUNDLE_LOADER = "$(TEST_HOST)";
				FRAMEWORK_SEARCH_PATHS = (
					"$(SDKROOT)/Developer/Library/Frameworks",
					"$(inherited)",
				);
				INFOPLIST_FILE = iTahDoodleIphoneTests/Info.plist;
				LD_RUNPATH_SEARCH_PATHS = "$(inherited) @executable_path/Frameworks @loader_path/Frameworks";
				PRODUCT_NAME = "$(TARGET_NAME)";
				TEST_HOST = "$(BUILT_PRODUCTS_DIR)/iTahDoodleIphone.app/iTahDoodleIphone";
			};
			name = Release;
		};
/* End XCBuildConfiguration section */

/* Begin XCConfigurationList section */
		3DCDC51F1A9B8E5800B352D2 /* Build configuration list for PBXProject "iTahDoodleIphone" */ = {
			isa = XCConfigurationList;
			buildConfigurations = (
				3DCDC5451A9B8E5800B352D2 /* Debug */,
				3DCDC5461A9B8E5800B352D2 /* Release */,
			);
			defaultConfigurationIsVisible = 0;
			defaultConfigurationName = Release;
		};
		3DCDC5471A9B8E5800B352D2 /* Build configuration list for PBXNativeTarget "iTahDoodleIphone" */ = {
			isa = XCConfigurationList;
			buildConfigurations = (
				3DCDC5481A9B8E5800B352D2 /* Debug */,
				3DCDC5491A9B8E5800B352D2 /* Release */,
			);
			defaultConfigurationIsVisible = 0;
		};
		3DCDC54A1A9B8E5800B352D2 /* Build configuration list for PBXNativeTarget "iTahDoodleIphoneTests" */ = {
			isa = XCConfigurationList;
			buildConfigurations = (
				3DCDC54B1A9B8E5800B352D2 /* Debug */,
				3DCDC54C1A9B8E5800B352D2 /* Release */,
			);
			defaultConfigurationIsVisible = 0;
		};
/* End XCConfigurationList section */
	};
	rootObject = 3DCDC51C1A9B8E5800B352D2 /* Project object */;
}
