// !$*UTF8*$!
{
	archiveVersion = 1;
	classes = {
	};
	objectVersion = 46;
	objects = {

/* Begin PBXBuildFile section */
		3DF500E91AA07873001A5221 /* AppDelegate.m in Sources */ = {isa = PBXBuildFile; fileRef = 3DF500E81AA07873001A5221 /* AppDelegate.m */; };
		3DF500EB1AA07873001A5221 /* main.m in Sources */ = {isa = PBXBuildFile; fileRef = 3DF500EA1AA07873001A5221 /* main.m */; };
		3DF500EE1AA07873001A5221 /* Document.m in Sources */ = {isa = PBXBuildFile; fileRef = 3DF500ED1AA07873001A5221 /* Document.m */; };
		3DF500F11AA07873001A5221 /* Document.xib in Resources */ = {isa = PBXBuildFile; fileRef = 3DF500EF1AA07873001A5221 /* Document.xib */; };
		3DF500F31AA07873001A5221 /* Images.xcassets in Resources */ = {isa = PBXBuildFile; fileRef = 3DF500F21AA07873001A5221 /* Images.xcassets */; };
		3DF500F61AA07874001A5221 /* MainMenu.xib in Resources */ = {isa = PBXBuildFile; fileRef = 3DF500F41AA07874001A5221 /* MainMenu.xib */; };
		3DF501021AA07874001A5221 /* RaiseManOldSchoolTests.m in Sources */ = {isa = PBXBuildFile; fileRef = 3DF501011AA07874001A5221 /* RaiseManOldSchoolTests.m */; };
		3DF5010D1AA07B90001A5221 /* MOPerson.m in Sources */ = {isa = PBXBuildFile; fileRef = 3DF5010C1AA07B90001A5221 /* MOPerson.m */; };
/* End PBXBuildFile section */

/* Begin PBXContainerItemProxy section */
		3DF500FC1AA07874001A5221 /* PBXContainerItemProxy */ = {
			isa = PBXContainerItemProxy;
			containerPortal = 3DF500DA1AA07873001A5221 /* Project object */;
			proxyType = 1;
			remoteGlobalIDString = 3DF500E11AA07873001A5221;
			remoteInfo = RaiseManOldSchool;
		};
/* End PBXContainerItemProxy section */

/* Begin PBXFileReference section */
		3DF500E21AA07873001A5221 /* RaiseManOldSchool.app */ = {isa = PBXFileReference; explicitFileType = wrapper.application; includeInIndex = 0; path = RaiseManOldSchool.app; sourceTree = BUILT_PRODUCTS_DIR; };
		3DF500E61AA07873001A5221 /* Info.plist */ = {isa = PBXFileReference; lastKnownFileType = text.plist.xml; path = Info.plist; sourceTree = "<group>"; };
		3DF500E71AA07873001A5221 /* AppDelegate.h */ = {isa = PBXFileReference; lastKnownFileType = sourcecode.c.h; path = AppDelegate.h; sourceTree = "<group>"; };
		3DF500E81AA07873001A5221 /* AppDelegate.m */ = {isa = PBXFileReference; lastKnownFileType = sourcecode.c.objc; path = AppDelegate.m; sourceTree = "<group>"; };
		3DF500EA1AA07873001A5221 /* main.m */ = {isa = PBXFileReference; lastKnownFileType = sourcecode.c.objc; path = main.m; sourceTree = "<group>"; };
		3DF500EC1AA07873001A5221 /* Document.h */ = {isa = PBXFileReference; lastKnownFileType = sourcecode.c.h; path = Document.h; sourceTree = "<group>"; };
		3DF500ED1AA07873001A5221 /* Document.m */ = {isa = PBXFileReference; lastKnownFileType = sourcecode.c.objc; path = Document.m; sourceTree = "<group>"; };
		3DF500F01AA07873001A5221 /* Base */ = {isa = PBXFileReference; lastKnownFileType = file.xib; name = Base; path = Base.lproj/Document.xib; sourceTree = "<group>"; };
		3DF500F21AA07873001A5221 /* Images.xcassets */ = {isa = PBXFileReference; lastKnownFileType = folder.assetcatalog; path = Images.xcassets; sourceTree = "<group>"; };
		3DF500F51AA07874001A5221 /* Base */ = {isa = PBXFileReference; lastKnownFileType = file.xib; name = Base; path = Base.lproj/MainMenu.xib; sourceTree = "<group>"; };
		3DF500FB1AA07874001A5221 /* RaiseManOldSchoolTests.xctest */ = {isa = PBXFileReference; explicitFileType = wrapper.cfbundle; includeInIndex = 0; path = RaiseManOldSchoolTests.xctest; sourceTree = BUILT_PRODUCTS_DIR; };
		3DF501001AA07874001A5221 /* Info.plist */ = {isa = PBXFileReference; lastKnownFileType = text.plist.xml; path = Info.plist; sourceTree = "<group>"; };
		3DF501011AA07874001A5221 /* RaiseManOldSchoolTests.m */ = {isa = PBXFileReference; lastKnownFileType = sourcecode.c.objc; path = RaiseManOldSchoolTests.m; sourceTree = "<group>"; };
		3DF5010B1AA07B90001A5221 /* MOPerson.h */ = {isa = PBXFileReference; fileEncoding = 4; lastKnownFileType = sourcecode.c.h; path = MOPerson.h; sourceTree = "<group>"; };
		3DF5010C1AA07B90001A5221 /* MOPerson.m */ = {isa = PBXFileReference; fileEncoding = 4; lastKnownFileType = sourcecode.c.objc; path = MOPerson.m; sourceTree = "<group>"; };
/* End PBXFileReference section */

/* Begin PBXFrameworksBuildPhase section */
		3DF500DF1AA07873001A5221 /* Frameworks */ = {
			isa = PBXFrameworksBuildPhase;
			buildActionMask = 2147483647;
			files = (
			);
			runOnlyForDeploymentPostprocessing = 0;
		};
		3DF500F81AA07874001A5221 /* Frameworks */ = {
			isa = PBXFrameworksBuildPhase;
			buildActionMask = 2147483647;
			files = (
			);
			runOnlyForDeploymentPostprocessing = 0;
		};
/* End PBXFrameworksBuildPhase section */

/* Begin PBXGroup section */
		3DF500D91AA07873001A5221 = {
			isa = PBXGroup;
			children = (
				3DF500E41AA07873001A5221 /* RaiseManOldSchool */,
				3DF500FE1AA07874001A5221 /* RaiseManOldSchoolTests */,
				3DF500E31AA07873001A5221 /* Products */,
			);
			sourceTree = "<group>";
		};
		3DF500E31AA07873001A5221 /* Products */ = {
			isa = PBXGroup;
			children = (
				3DF500E21AA07873001A5221 /* RaiseManOldSchool.app */,
				3DF500FB1AA07874001A5221 /* RaiseManOldSchoolTests.xctest */,
			);
			name = Products;
			sourceTree = "<group>";
		};
		3DF500E41AA07873001A5221 /* RaiseManOldSchool */ = {
			isa = PBXGroup;
			children = (
				3DF500E71AA07873001A5221 /* AppDelegate.h */,
				3DF500E81AA07873001A5221 /* AppDelegate.m */,
				3DF500EC1AA07873001A5221 /* Document.h */,
				3DF500ED1AA07873001A5221 /* Document.m */,
				3DF5010B1AA07B90001A5221 /* MOPerson.h */,
				3DF5010C1AA07B90001A5221 /* MOPerson.m */,
				3DF500EF1AA07873001A5221 /* Document.xib */,
				3DF500F21AA07873001A5221 /* Images.xcassets */,
				3DF500F41AA07874001A5221 /* MainMenu.xib */,
				3DF500E51AA07873001A5221 /* Supporting Files */,
			);
			path = RaiseManOldSchool;
			sourceTree = "<group>";
		};
		3DF500E51AA07873001A5221 /* Supporting Files */ = {
			isa = PBXGroup;
			children = (
				3DF500E61AA07873001A5221 /* Info.plist */,
				3DF500EA1AA07873001A5221 /* main.m */,
			);
			name = "Supporting Files";
			sourceTree = "<group>";
		};
		3DF500FE1AA07874001A5221 /* RaiseManOldSchoolTests */ = {
			isa = PBXGroup;
			children = (
				3DF501011AA07874001A5221 /* RaiseManOldSchoolTests.m */,
				3DF500FF1AA07874001A5221 /* Supporting Files */,
			);
			path = RaiseManOldSchoolTests;
			sourceTree = "<group>";
		};
		3DF500FF1AA07874001A5221 /* Supporting Files */ = {
			isa = PBXGroup;
			children = (
				3DF501001AA07874001A5221 /* Info.plist */,
			);
			name = "Supporting Files";
			sourceTree = "<group>";
		};
/* End PBXGroup section */

/* Begin PBXNativeTarget section */
		3DF500E11AA07873001A5221 /* RaiseManOldSchool */ = {
			isa = PBXNativeTarget;
			buildConfigurationList = 3DF501051AA07874001A5221 /* Build configuration list for PBXNativeTarget "RaiseManOldSchool" */;
			buildPhases = (
				3DF500DE1AA07873001A5221 /* Sources */,
				3DF500DF1AA07873001A5221 /* Frameworks */,
				3DF500E01AA07873001A5221 /* Resources */,
			);
			buildRules = (
			);
			dependencies = (
			);
			name = RaiseManOldSchool;
			productName = RaiseManOldSchool;
			productReference = 3DF500E21AA07873001A5221 /* RaiseManOldSchool.app */;
			productType = "com.apple.product-type.application";
		};
		3DF500FA1AA07874001A5221 /* RaiseManOldSchoolTests */ = {
			isa = PBXNativeTarget;
			buildConfigurationList = 3DF501081AA07874001A5221 /* Build configuration list for PBXNativeTarget "RaiseManOldSchoolTests" */;
			buildPhases = (
				3DF500F71AA07874001A5221 /* Sources */,
				3DF500F81AA07874001A5221 /* Frameworks */,
				3DF500F91AA07874001A5221 /* Resources */,
			);
			buildRules = (
			);
			dependencies = (
				3DF500FD1AA07874001A5221 /* PBXTargetDependency */,
			);
			name = RaiseManOldSchoolTests;
			productName = RaiseManOldSchoolTests;
			productReference = 3DF500FB1AA07874001A5221 /* RaiseManOldSchoolTests.xctest */;
			productType = "com.apple.product-type.bundle.unit-test";
		};
/* End PBXNativeTarget section */

/* Begin PBXProject section */
		3DF500DA1AA07873001A5221 /* Project object */ = {
			isa = PBXProject;
			attributes = {
				LastUpgradeCheck = 0610;
				ORGANIZATIONNAME = GAZELAINC;
				TargetAttributes = {
					3DF500E11AA07873001A5221 = {
						CreatedOnToolsVersion = 6.1.1;
					};
					3DF500FA1AA07874001A5221 = {
						CreatedOnToolsVersion = 6.1.1;
						TestTargetID = 3DF500E11AA07873001A5221;
					};
				};
			};
			buildConfigurationList = 3DF500DD1AA07873001A5221 /* Build configuration list for PBXProject "RaiseManOldSchool" */;
			compatibilityVersion = "Xcode 3.2";
			developmentRegion = English;
			hasScannedForEncodings = 0;
			knownRegions = (
				en,
				Base,
			);
			mainGroup = 3DF500D91AA07873001A5221;
			productRefGroup = 3DF500E31AA07873001A5221 /* Products */;
			projectDirPath = "";
			projectRoot = "";
			targets = (
				3DF500E11AA07873001A5221 /* RaiseManOldSchool */,
				3DF500FA1AA07874001A5221 /* RaiseManOldSchoolTests */,
			);
		};
/* End PBXProject section */

/* Begin PBXResourcesBuildPhase section */
		3DF500E01AA07873001A5221 /* Resources */ = {
			isa = PBXResourcesBuildPhase;
			buildActionMask = 2147483647;
			files = (
				3DF500F11AA07873001A5221 /* Document.xib in Resources */,
				3DF500F31AA07873001A5221 /* Images.xcassets in Resources */,
				3DF500F61AA07874001A5221 /* MainMenu.xib in Resources */,
			);
			runOnlyForDeploymentPostprocessing = 0;
		};
		3DF500F91AA07874001A5221 /* Resources */ = {
			isa = PBXResourcesBuildPhase;
			buildActionMask = 2147483647;
			files = (
			);
			runOnlyForDeploymentPostprocessing = 0;
		};
/* End PBXResourcesBuildPhase section */

/* Begin PBXSourcesBuildPhase section */
		3DF500DE1AA07873001A5221 /* Sources */ = {
			isa = PBXSourcesBuildPhase;
			buildActionMask = 2147483647;
			files = (
				3DF5010D1AA07B90001A5221 /* MOPerson.m in Sources */,
				3DF500EE1AA07873001A5221 /* Document.m in Sources */,
				3DF500EB1AA07873001A5221 /* main.m in Sources */,
				3DF500E91AA07873001A5221 /* AppDelegate.m in Sources */,
			);
			runOnlyForDeploymentPostprocessing = 0;
		};
		3DF500F71AA07874001A5221 /* Sources */ = {
			isa = PBXSourcesBuildPhase;
			buildActionMask = 2147483647;
			files = (
				3DF501021AA07874001A5221 /* RaiseManOldSchoolTests.m in Sources */,
			);
			runOnlyForDeploymentPostprocessing = 0;
		};
/* End PBXSourcesBuildPhase section */

/* Begin PBXTargetDependency section */
		3DF500FD1AA07874001A5221 /* PBXTargetDependency */ = {
			isa = PBXTargetDependency;
			target = 3DF500E11AA07873001A5221 /* RaiseManOldSchool */;
			targetProxy = 3DF500FC1AA07874001A5221 /* PBXContainerItemProxy */;
		};
/* End PBXTargetDependency section */

/* Begin PBXVariantGroup section */
		3DF500EF1AA07873001A5221 /* Document.xib */ = {
			isa = PBXVariantGroup;
			children = (
				3DF500F01AA07873001A5221 /* Base */,
			);
			name = Document.xib;
			sourceTree = "<group>";
		};
		3DF500F41AA07874001A5221 /* MainMenu.xib */ = {
			isa = PBXVariantGroup;
			children = (
				3DF500F51AA07874001A5221 /* Base */,
			);
			name = MainMenu.xib;
			sourceTree = "<group>";
		};
/* End PBXVariantGroup section */

/* Begin XCBuildConfiguration section */
		3DF501031AA07874001A5221 /* Debug */ = {
			isa = XCBuildConfiguration;
			buildSettings = {
				ALWAYS_SEARCH_USER_PATHS = NO;
				CLANG_CXX_LANGUAGE_STANDARD = "gnu++0x";
				CLANG_CXX_LIBRARY = "libc++";
				CLANG_ENABLE_MODULES = YES;
				CLANG_ENABLE_OBJC_ARC = YES;
				CLANG_WARN_BOOL_CONVERSION = YES;
				CLANG_WARN_CONSTANT_CONVERSION = YES;
				CLANG_WARN_DIRECT_OBJC_ISA_USAGE = YES_ERROR;
				CLANG_WARN_EMPTY_BODY = YES;
				CLANG_WARN_ENUM_CONVERSION = YES;
				CLANG_WARN_INT_CONVERSION = YES;
				CLANG_WARN_OBJC_ROOT_CLASS = YES_ERROR;
				CLANG_WARN_UNREACHABLE_CODE = YES;
				CLANG_WARN__DUPLICATE_METHOD_MATCH = YES;
				CODE_SIGN_IDENTITY = "-";
				COPY_PHASE_STRIP = NO;
				ENABLE_STRICT_OBJC_MSGSEND = YES;
				GCC_C_LANGUAGE_STANDARD = gnu99;
				GCC_DYNAMIC_NO_PIC = NO;
				GCC_OPTIMIZATION_LEVEL = 0;
				GCC_PREPROCESSOR_DEFINITIONS = (
					"DEBUG=1",
					"$(inherited)",
				);
				GCC_SYMBOLS_PRIVATE_EXTERN = NO;
				GCC_WARN_64_TO_32_BIT_CONVERSION = YES;
				GCC_WARN_ABOUT_RETURN_TYPE = YES_ERROR;
				GCC_WARN_UNDECLARED_SELECTOR = YES;
				GCC_WARN_UNINITIALIZED_AUTOS = YES_AGGRESSIVE;
				GCC_WARN_UNUSED_FUNCTION = YES;
				GCC_WARN_UNUSED_VARIABLE = YES;
				MACOSX_DEPLOYMENT_TARGET = 10.10;
				MTL_ENABLE_DEBUG_INFO = YES;
				ONLY_ACTIVE_ARCH = YES;
				SDKROOT = macosx;
			};
			name = Debug;
		};
		3DF501041AA07874001A5221 /* Release */ = {
			isa = XCBuildConfiguration;
			buildSettings = {
				ALWAYS_SEARCH_USER_PATHS = NO;
				CLANG_CXX_LANGUAGE_STANDARD = "gnu++0x";
				CLANG_CXX_LIBRARY = "libc++";
				CLANG_ENABLE_MODULES = YES;
				CLANG_ENABLE_OBJC_ARC = YES;
				CLANG_WARN_BOOL_CONVERSION = YES;
				CLANG_WARN_CONSTANT_CONVERSION = YES;
				CLANG_WARN_DIRECT_OBJC_ISA_USAGE = YES_ERROR;
				CLANG_WARN_EMPTY_BODY = YES;
				CLANG_WARN_ENUM_CONVERSION = YES;
				CLANG_WARN_INT_CONVERSION = YES;
				CLANG_WARN_OBJC_ROOT_CLASS = YES_ERROR;
				CLANG_WARN_UNREACHABLE_CODE = YES;
				CLANG_WARN__DUPLICATE_METHOD_MATCH = YES;
				CODE_SIGN_IDENTITY = "-";
				COPY_PHASE_STRIP = YES;
				DEBUG_INFORMATION_FORMAT = "dwarf-with-dsym";
				ENABLE_NS_ASSERTIONS = NO;
				ENABLE_STRICT_OBJC_MSGSEND = YES;
				GCC_C_LANGUAGE_STANDARD = gnu99;
				GCC_WARN_64_TO_32_BIT_CONVERSION = YES;
				GCC_WARN_ABOUT_RETURN_TYPE = YES_ERROR;
				GCC_WARN_UNDECLARED_SELECTOR = YES;
				GCC_WARN_UNINITIALIZED_AUTOS = YES_AGGRESSIVE;
				GCC_WARN_UNUSED_FUNCTION = YES;
				GCC_WARN_UNUSED_VARIABLE = YES;
				MACOSX_DEPLOYMENT_TARGET = 10.10;
				MTL_ENABLE_DEBUG_INFO = NO;
				SDKROOT = macosx;
			};
			name = Release;
		};
		3DF501061AA07874001A5221 /* Debug */ = {
			isa = XCBuildConfiguration;
			buildSettings = {
				ASSETCATALOG_COMPILER_APPICON_NAME = AppIcon;
				COMBINE_HIDPI_IMAGES = YES;
				INFOPLIST_FILE = RaiseManOldSchool/Info.plist;
				LD_RUNPATH_SEARCH_PATHS = "$(inherited) @executable_path/../Frameworks";
				PRODUCT_NAME = "$(TARGET_NAME)";
			};
			name = Debug;
		};
		3DF501071AA07874001A5221 /* Release */ = {
			isa = XCBuildConfiguration;
			buildSettings = {
				ASSETCATALOG_COMPILER_APPICON_NAME = AppIcon;
				COMBINE_HIDPI_IMAGES = YES;
				INFOPLIST_FILE = RaiseManOldSchool/Info.plist;
				LD_RUNPATH_SEARCH_PATHS = "$(inherited) @executable_path/../Frameworks";
				PRODUCT_NAME = "$(TARGET_NAME)";
			};
			name = Release;
		};
		3DF501091AA07874001A5221 /* Debug */ = {
			isa = XCBuildConfiguration;
			buildSettings = {
				BUNDLE_LOADER = "$(TEST_HOST)";
				COMBINE_HIDPI_IMAGES = YES;
				FRAMEWORK_SEARCH_PATHS = (
					"$(DEVELOPER_FRAMEWORKS_DIR)",
					"$(inherited)",
				);
				GCC_PREPROCESSOR_DEFINITIONS = (
					"DEBUG=1",
					"$(inherited)",
				);
				INFOPLIST_FILE = RaiseManOldSchoolTests/Info.plist;
				LD_RUNPATH_SEARCH_PATHS = "$(inherited) @executable_path/../Frameworks @loader_path/../Frameworks";
				PRODUCT_NAME = "$(TARGET_NAME)";
				TEST_HOST = "$(BUILT_PRODUCTS_DIR)/RaiseManOldSchool.app/Contents/MacOS/RaiseManOldSchool";
			};
			name = Debug;
		};
		3DF5010A1AA07874001A5221 /* Release */ = {
			isa = XCBuildConfiguration;
			buildSettings = {
				BUNDLE_LOADER = "$(TEST_HOST)";
				COMBINE_HIDPI_IMAGES = YES;
				FRAMEWORK_SEARCH_PATHS = (
					"$(DEVELOPER_FRAMEWORKS_DIR)",
					"$(inherited)",
				);
				INFOPLIST_FILE = RaiseManOldSchoolTests/Info.plist;
				LD_RUNPATH_SEARCH_PATHS = "$(inherited) @executable_path/../Frameworks @loader_path/../Frameworks";
				PRODUCT_NAME = "$(TARGET_NAME)";
				TEST_HOST = "$(BUILT_PRODUCTS_DIR)/RaiseManOldSchool.app/Contents/MacOS/RaiseManOldSchool";
			};
			name = Release;
		};
/* End XCBuildConfiguration section */

/* Begin XCConfigurationList section */
		3DF500DD1AA07873001A5221 /* Build configuration list for PBXProject "RaiseManOldSchool" */ = {
			isa = XCConfigurationList;
			buildConfigurations = (
				3DF501031AA07874001A5221 /* Debug */,
				3DF501041AA07874001A5221 /* Release */,
			);
			defaultConfigurationIsVisible = 0;
			defaultConfigurationName = Release;
		};
		3DF501051AA07874001A5221 /* Build configuration list for PBXNativeTarget "RaiseManOldSchool" */ = {
			isa = XCConfigurationList;
			buildConfigurations = (
				3DF501061AA07874001A5221 /* Debug */,
				3DF501071AA07874001A5221 /* Release */,
			);
			defaultConfigurationIsVisible = 0;
		};
		3DF501081AA07874001A5221 /* Build configuration list for PBXNativeTarget "RaiseManOldSchoolTests" */ = {
			isa = XCConfigurationList;
			buildConfigurations = (
				3DF501091AA07874001A5221 /* Debug */,
				3DF5010A1AA07874001A5221 /* Release */,
			);
			defaultConfigurationIsVisible = 0;
		};
/* End XCConfigurationList section */
	};
	rootObject = 3DF500DA1AA07873001A5221 /* Project object */;
}
