// !$*UTF8*$!
{
	archiveVersion = 1;
	classes = {
	};
	objectVersion = 46;
	objects = {

/* Begin PBXBuildFile section */
		3D7D0FA31A9F9D8A0065E0FF /* AppDelegate.m in Sources */ = {isa = PBXBuildFile; fileRef = 3D7D0FA21A9F9D8A0065E0FF /* AppDelegate.m */; };
		3D7D0FA51A9F9D8B0065E0FF /* main.m in Sources */ = {isa = PBXBuildFile; fileRef = 3D7D0FA41A9F9D8B0065E0FF /* main.m */; };
		3D7D0FA71A9F9D8B0065E0FF /* Images.xcassets in Resources */ = {isa = PBXBuildFile; fileRef = 3D7D0FA61A9F9D8B0065E0FF /* Images.xcassets */; };
		3D7D0FAA1A9F9D8B0065E0FF /* MainMenu.xib in Resources */ = {isa = PBXBuildFile; fileRef = 3D7D0FA81A9F9D8B0065E0FF /* MainMenu.xib */; };
		3D7D0FB61A9F9D8C0065E0FF /* SimpleToDoTests.m in Sources */ = {isa = PBXBuildFile; fileRef = 3D7D0FB51A9F9D8C0065E0FF /* SimpleToDoTests.m */; };
/* End PBXBuildFile section */

/* Begin PBXContainerItemProxy section */
		3D7D0FB01A9F9D8B0065E0FF /* PBXContainerItemProxy */ = {
			isa = PBXContainerItemProxy;
			containerPortal = 3D7D0F941A9F9D890065E0FF /* Project object */;
			proxyType = 1;
			remoteGlobalIDString = 3D7D0F9B1A9F9D890065E0FF;
			remoteInfo = SimpleToDo;
		};
/* End PBXContainerItemProxy section */

/* Begin PBXFileReference section */
		3D7D0F9C1A9F9D8A0065E0FF /* SimpleToDo.app */ = {isa = PBXFileReference; explicitFileType = wrapper.application; includeInIndex = 0; path = SimpleToDo.app; sourceTree = BUILT_PRODUCTS_DIR; };
		3D7D0FA01A9F9D8A0065E0FF /* Info.plist */ = {isa = PBXFileReference; lastKnownFileType = text.plist.xml; path = Info.plist; sourceTree = "<group>"; };
		3D7D0FA11A9F9D8A0065E0FF /* AppDelegate.h */ = {isa = PBXFileReference; lastKnownFileType = sourcecode.c.h; path = AppDelegate.h; sourceTree = "<group>"; };
		3D7D0FA21A9F9D8A0065E0FF /* AppDelegate.m */ = {isa = PBXFileReference; lastKnownFileType = sourcecode.c.objc; path = AppDelegate.m; sourceTree = "<group>"; };
		3D7D0FA41A9F9D8B0065E0FF /* main.m */ = {isa = PBXFileReference; lastKnownFileType = sourcecode.c.objc; path = main.m; sourceTree = "<group>"; };
		3D7D0FA61A9F9D8B0065E0FF /* Images.xcassets */ = {isa = PBXFileReference; lastKnownFileType = folder.assetcatalog; path = Images.xcassets; sourceTree = "<group>"; };
		3D7D0FA91A9F9D8B0065E0FF /* Base */ = {isa = PBXFileReference; lastKnownFileType = file.xib; name = Base; path = Base.lproj/MainMenu.xib; sourceTree = "<group>"; };
		3D7D0FAF1A9F9D8B0065E0FF /* SimpleToDoTests.xctest */ = {isa = PBXFileReference; explicitFileType = wrapper.cfbundle; includeInIndex = 0; path = SimpleToDoTests.xctest; sourceTree = BUILT_PRODUCTS_DIR; };
		3D7D0FB41A9F9D8B0065E0FF /* Info.plist */ = {isa = PBXFileReference; lastKnownFileType = text.plist.xml; path = Info.plist; sourceTree = "<group>"; };
		3D7D0FB51A9F9D8C0065E0FF /* SimpleToDoTests.m */ = {isa = PBXFileReference; lastKnownFileType = sourcecode.c.objc; path = SimpleToDoTests.m; sourceTree = "<group>"; };
/* End PBXFileReference section */

/* Begin PBXFrameworksBuildPhase section */
		3D7D0F991A9F9D890065E0FF /* Frameworks */ = {
			isa = PBXFrameworksBuildPhase;
			buildActionMask = 2147483647;
			files = (
			);
			runOnlyForDeploymentPostprocessing = 0;
		};
		3D7D0FAC1A9F9D8B0065E0FF /* Frameworks */ = {
			isa = PBXFrameworksBuildPhase;
			buildActionMask = 2147483647;
			files = (
			);
			runOnlyForDeploymentPostprocessing = 0;
		};
/* End PBXFrameworksBuildPhase section */

/* Begin PBXGroup section */
		3D7D0F931A9F9D890065E0FF = {
			isa = PBXGroup;
			children = (
				3D7D0F9E1A9F9D8A0065E0FF /* SimpleToDo */,
				3D7D0FB21A9F9D8B0065E0FF /* SimpleToDoTests */,
				3D7D0F9D1A9F9D8A0065E0FF /* Products */,
			);
			sourceTree = "<group>";
		};
		3D7D0F9D1A9F9D8A0065E0FF /* Products */ = {
			isa = PBXGroup;
			children = (
				3D7D0F9C1A9F9D8A0065E0FF /* SimpleToDo.app */,
				3D7D0FAF1A9F9D8B0065E0FF /* SimpleToDoTests.xctest */,
			);
			name = Products;
			sourceTree = "<group>";
		};
		3D7D0F9E1A9F9D8A0065E0FF /* SimpleToDo */ = {
			isa = PBXGroup;
			children = (
				3D7D0FA11A9F9D8A0065E0FF /* AppDelegate.h */,
				3D7D0FA21A9F9D8A0065E0FF /* AppDelegate.m */,
				3D7D0FA61A9F9D8B0065E0FF /* Images.xcassets */,
				3D7D0FA81A9F9D8B0065E0FF /* MainMenu.xib */,
				3D7D0F9F1A9F9D8A0065E0FF /* Supporting Files */,
			);
			path = SimpleToDo;
			sourceTree = "<group>";
		};
		3D7D0F9F1A9F9D8A0065E0FF /* Supporting Files */ = {
			isa = PBXGroup;
			children = (
				3D7D0FA01A9F9D8A0065E0FF /* Info.plist */,
				3D7D0FA41A9F9D8B0065E0FF /* main.m */,
			);
			name = "Supporting Files";
			sourceTree = "<group>";
		};
		3D7D0FB21A9F9D8B0065E0FF /* SimpleToDoTests */ = {
			isa = PBXGroup;
			children = (
				3D7D0FB51A9F9D8C0065E0FF /* SimpleToDoTests.m */,
				3D7D0FB31A9F9D8B0065E0FF /* Supporting Files */,
			);
			path = SimpleToDoTests;
			sourceTree = "<group>";
		};
		3D7D0FB31A9F9D8B0065E0FF /* Supporting Files */ = {
			isa = PBXGroup;
			children = (
				3D7D0FB41A9F9D8B0065E0FF /* Info.plist */,
			);
			name = "Supporting Files";
			sourceTree = "<group>";
		};
/* End PBXGroup section */

/* Begin PBXNativeTarget section */
		3D7D0F9B1A9F9D890065E0FF /* SimpleToDo */ = {
			isa = PBXNativeTarget;
			buildConfigurationList = 3D7D0FB91A9F9D8C0065E0FF /* Build configuration list for PBXNativeTarget "SimpleToDo" */;
			buildPhases = (
				3D7D0F981A9F9D890065E0FF /* Sources */,
				3D7D0F991A9F9D890065E0FF /* Frameworks */,
				3D7D0F9A1A9F9D890065E0FF /* Resources */,
			);
			buildRules = (
			);
			dependencies = (
			);
			name = SimpleToDo;
			productName = SimpleToDo;
			productReference = 3D7D0F9C1A9F9D8A0065E0FF /* SimpleToDo.app */;
			productType = "com.apple.product-type.application";
		};
		3D7D0FAE1A9F9D8B0065E0FF /* SimpleToDoTests */ = {
			isa = PBXNativeTarget;
			buildConfigurationList = 3D7D0FBC1A9F9D8C0065E0FF /* Build configuration list for PBXNativeTarget "SimpleToDoTests" */;
			buildPhases = (
				3D7D0FAB1A9F9D8B0065E0FF /* Sources */,
				3D7D0FAC1A9F9D8B0065E0FF /* Frameworks */,
				3D7D0FAD1A9F9D8B0065E0FF /* Resources */,
			);
			buildRules = (
			);
			dependencies = (
				3D7D0FB11A9F9D8B0065E0FF /* PBXTargetDependency */,
			);
			name = SimpleToDoTests;
			productName = SimpleToDoTests;
			productReference = 3D7D0FAF1A9F9D8B0065E0FF /* SimpleToDoTests.xctest */;
			productType = "com.apple.product-type.bundle.unit-test";
		};
/* End PBXNativeTarget section */

/* Begin PBXProject section */
		3D7D0F941A9F9D890065E0FF /* Project object */ = {
			isa = PBXProject;
			attributes = {
				LastUpgradeCheck = 0610;
				ORGANIZATIONNAME = GAZELAINC;
				TargetAttributes = {
					3D7D0F9B1A9F9D890065E0FF = {
						CreatedOnToolsVersion = 6.1.1;
					};
					3D7D0FAE1A9F9D8B0065E0FF = {
						CreatedOnToolsVersion = 6.1.1;
						TestTargetID = 3D7D0F9B1A9F9D890065E0FF;
					};
				};
			};
			buildConfigurationList = 3D7D0F971A9F9D890065E0FF /* Build configuration list for PBXProject "SimpleToDo" */;
			compatibilityVersion = "Xcode 3.2";
			developmentRegion = English;
			hasScannedForEncodings = 0;
			knownRegions = (
				en,
				Base,
			);
			mainGroup = 3D7D0F931A9F9D890065E0FF;
			productRefGroup = 3D7D0F9D1A9F9D8A0065E0FF /* Products */;
			projectDirPath = "";
			projectRoot = "";
			targets = (
				3D7D0F9B1A9F9D890065E0FF /* SimpleToDo */,
				3D7D0FAE1A9F9D8B0065E0FF /* SimpleToDoTests */,
			);
		};
/* End PBXProject section */

/* Begin PBXResourcesBuildPhase section */
		3D7D0F9A1A9F9D890065E0FF /* Resources */ = {
			isa = PBXResourcesBuildPhase;
			buildActionMask = 2147483647;
			files = (
				3D7D0FA71A9F9D8B0065E0FF /* Images.xcassets in Resources */,
				3D7D0FAA1A9F9D8B0065E0FF /* MainMenu.xib in Resources */,
			);
			runOnlyForDeploymentPostprocessing = 0;
		};
		3D7D0FAD1A9F9D8B0065E0FF /* Resources */ = {
			isa = PBXResourcesBuildPhase;
			buildActionMask = 2147483647;
			files = (
			);
			runOnlyForDeploymentPostprocessing = 0;
		};
/* End PBXResourcesBuildPhase section */

/* Begin PBXSourcesBuildPhase section */
		3D7D0F981A9F9D890065E0FF /* Sources */ = {
			isa = PBXSourcesBuildPhase;
			buildActionMask = 2147483647;
			files = (
				3D7D0FA51A9F9D8B0065E0FF /* main.m in Sources */,
				3D7D0FA31A9F9D8A0065E0FF /* AppDelegate.m in Sources */,
			);
			runOnlyForDeploymentPostprocessing = 0;
		};
		3D7D0FAB1A9F9D8B0065E0FF /* Sources */ = {
			isa = PBXSourcesBuildPhase;
			buildActionMask = 2147483647;
			files = (
				3D7D0FB61A9F9D8C0065E0FF /* SimpleToDoTests.m in Sources */,
			);
			runOnlyForDeploymentPostprocessing = 0;
		};
/* End PBXSourcesBuildPhase section */

/* Begin PBXTargetDependency section */
		3D7D0FB11A9F9D8B0065E0FF /* PBXTargetDependency */ = {
			isa = PBXTargetDependency;
			target = 3D7D0F9B1A9F9D890065E0FF /* SimpleToDo */;
			targetProxy = 3D7D0FB01A9F9D8B0065E0FF /* PBXContainerItemProxy */;
		};
/* End PBXTargetDependency section */

/* Begin PBXVariantGroup section */
		3D7D0FA81A9F9D8B0065E0FF /* MainMenu.xib */ = {
			isa = PBXVariantGroup;
			children = (
				3D7D0FA91A9F9D8B0065E0FF /* Base */,
			);
			name = MainMenu.xib;
			sourceTree = "<group>";
		};
/* End PBXVariantGroup section */

/* Begin XCBuildConfiguration section */
		3D7D0FB71A9F9D8C0065E0FF /* Debug */ = {
			isa = XCBuildConfiguration;
			buildSettings = {
				ALWAYS_SEARCH_USER_PATHS = NO;
				CLANG_CXX_LANGUAGE_STANDARD = "gnu++0x";
				CLANG_CXX_LIBRARY = "libc++";
				CLANG_ENABLE_MODULES = YES;
				CLANG_ENABLE_OBJC_ARC = YES;
				CLANG_WARN_BOOL_CONVERSION = YES;
				CLANG_WARN_CONSTANT_CONVERSION = YES;
				CLANG_WARN_DIRECT_OBJC_ISA_USAGE = YES_ERROR;
				CLANG_WARN_EMPTY_BODY = YES;
				CLANG_WARN_ENUM_CONVERSION = YES;
				CLANG_WARN_INT_CONVERSION = YES;
				CLANG_WARN_OBJC_ROOT_CLASS = YES_ERROR;
				CLANG_WARN_UNREACHABLE_CODE = YES;
				CLANG_WARN__DUPLICATE_METHOD_MATCH = YES;
				CODE_SIGN_IDENTITY = "-";
				COPY_PHASE_STRIP = NO;
				ENABLE_STRICT_OBJC_MSGSEND = YES;
				GCC_C_LANGUAGE_STANDARD = gnu99;
				GCC_DYNAMIC_NO_PIC = NO;
				GCC_OPTIMIZATION_LEVEL = 0;
				GCC_PREPROCESSOR_DEFINITIONS = (
					"DEBUG=1",
					"$(inherited)",
				);
				GCC_SYMBOLS_PRIVATE_EXTERN = NO;
				GCC_WARN_64_TO_32_BIT_CONVERSION = YES;
				GCC_WARN_ABOUT_RETURN_TYPE = YES_ERROR;
				GCC_WARN_UNDECLARED_SELECTOR = YES;
				GCC_WARN_UNINITIALIZED_AUTOS = YES_AGGRESSIVE;
				GCC_WARN_UNUSED_FUNCTION = YES;
				GCC_WARN_UNUSED_VARIABLE = YES;
				MACOSX_DEPLOYMENT_TARGET = 10.10;
				MTL_ENABLE_DEBUG_INFO = YES;
				ONLY_ACTIVE_ARCH = YES;
				SDKROOT = macosx;
			};
			name = Debug;
		};
		3D7D0FB81A9F9D8C0065E0FF /* Release */ = {
			isa = XCBuildConfiguration;
			buildSettings = {
				ALWAYS_SEARCH_USER_PATHS = NO;
				CLANG_CXX_LANGUAGE_STANDARD = "gnu++0x";
				CLANG_CXX_LIBRARY = "libc++";
				CLANG_ENABLE_MODULES = YES;
				CLANG_ENABLE_OBJC_ARC = YES;
				CLANG_WARN_BOOL_CONVERSION = YES;
				CLANG_WARN_CONSTANT_CONVERSION = YES;
				CLANG_WARN_DIRECT_OBJC_ISA_USAGE = YES_ERROR;
				CLANG_WARN_EMPTY_BODY = YES;
				CLANG_WARN_ENUM_CONVERSION = YES;
				CLANG_WARN_INT_CONVERSION = YES;
				CLANG_WARN_OBJC_ROOT_CLASS = YES_ERROR;
				CLANG_WARN_UNREACHABLE_CODE = YES;
				CLANG_WARN__DUPLICATE_METHOD_MATCH = YES;
				CODE_SIGN_IDENTITY = "-";
				COPY_PHASE_STRIP = YES;
				DEBUG_INFORMATION_FORMAT = "dwarf-with-dsym";
				ENABLE_NS_ASSERTIONS = NO;
				ENABLE_STRICT_OBJC_MSGSEND = YES;
				GCC_C_LANGUAGE_STANDARD = gnu99;
				GCC_WARN_64_TO_32_BIT_CONVERSION = YES;
				GCC_WARN_ABOUT_RETURN_TYPE = YES_ERROR;
				GCC_WARN_UNDECLARED_SELECTOR = YES;
				GCC_WARN_UNINITIALIZED_AUTOS = YES_AGGRESSIVE;
				GCC_WARN_UNUSED_FUNCTION = YES;
				GCC_WARN_UNUSED_VARIABLE = YES;
				MACOSX_DEPLOYMENT_TARGET = 10.10;
				MTL_ENABLE_DEBUG_INFO = NO;
				SDKROOT = macosx;
			};
			name = Release;
		};
		3D7D0FBA1A9F9D8C0065E0FF /* Debug */ = {
			isa = XCBuildConfiguration;
			buildSettings = {
				ASSETCATALOG_COMPILER_APPICON_NAME = AppIcon;
				COMBINE_HIDPI_IMAGES = YES;
				INFOPLIST_FILE = SimpleToDo/Info.plist;
				LD_RUNPATH_SEARCH_PATHS = "$(inherited) @executable_path/../Frameworks";
				PRODUCT_NAME = "$(TARGET_NAME)";
			};
			name = Debug;
		};
		3D7D0FBB1A9F9D8C0065E0FF /* Release */ = {
			isa = XCBuildConfiguration;
			buildSettings = {
				ASSETCATALOG_COMPILER_APPICON_NAME = AppIcon;
				COMBINE_HIDPI_IMAGES = YES;
				INFOPLIST_FILE = SimpleToDo/Info.plist;
				LD_RUNPATH_SEARCH_PATHS = "$(inherited) @executable_path/../Frameworks";
				PRODUCT_NAME = "$(TARGET_NAME)";
			};
			name = Release;
		};
		3D7D0FBD1A9F9D8C0065E0FF /* Debug */ = {
			isa = XCBuildConfiguration;
			buildSettings = {
				BUNDLE_LOADER = "$(TEST_HOST)";
				COMBINE_HIDPI_IMAGES = YES;
				FRAMEWORK_SEARCH_PATHS = (
					"$(DEVELOPER_FRAMEWORKS_DIR)",
					"$(inherited)",
				);
				GCC_PREPROCESSOR_DEFINITIONS = (
					"DEBUG=1",
					"$(inherited)",
				);
				INFOPLIST_FILE = SimpleToDoTests/Info.plist;
				LD_RUNPATH_SEARCH_PATHS = "$(inherited) @executable_path/../Frameworks @loader_path/../Frameworks";
				PRODUCT_NAME = "$(TARGET_NAME)";
				TEST_HOST = "$(BUILT_PRODUCTS_DIR)/SimpleToDo.app/Contents/MacOS/SimpleToDo";
			};
			name = Debug;
		};
		3D7D0FBE1A9F9D8C0065E0FF /* Release */ = {
			isa = XCBuildConfiguration;
			buildSettings = {
				BUNDLE_LOADER = "$(TEST_HOST)";
				COMBINE_HIDPI_IMAGES = YES;
				FRAMEWORK_SEARCH_PATHS = (
					"$(DEVELOPER_FRAMEWORKS_DIR)",
					"$(inherited)",
				);
				INFOPLIST_FILE = SimpleToDoTests/Info.plist;
				LD_RUNPATH_SEARCH_PATHS = "$(inherited) @executable_path/../Frameworks @loader_path/../Frameworks";
				PRODUCT_NAME = "$(TARGET_NAME)";
				TEST_HOST = "$(BUILT_PRODUCTS_DIR)/SimpleToDo.app/Contents/MacOS/SimpleToDo";
			};
			name = Release;
		};
/* End XCBuildConfiguration section */

/* Begin XCConfigurationList section */
		3D7D0F971A9F9D890065E0FF /* Build configuration list for PBXProject "SimpleToDo" */ = {
			isa = XCConfigurationList;
			buildConfigurations = (
				3D7D0FB71A9F9D8C0065E0FF /* Debug */,
				3D7D0FB81A9F9D8C0065E0FF /* Release */,
			);
			defaultConfigurationIsVisible = 0;
			defaultConfigurationName = Release;
		};
		3D7D0FB91A9F9D8C0065E0FF /* Build configuration list for PBXNativeTarget "SimpleToDo" */ = {
			isa = XCConfigurationList;
			buildConfigurations = (
				3D7D0FBA1A9F9D8C0065E0FF /* Debug */,
				3D7D0FBB1A9F9D8C0065E0FF /* Release */,
			);
			defaultConfigurationIsVisible = 0;
		};
		3D7D0FBC1A9F9D8C0065E0FF /* Build configuration list for PBXNativeTarget "SimpleToDoTests" */ = {
			isa = XCConfigurationList;
			buildConfigurations = (
				3D7D0FBD1A9F9D8C0065E0FF /* Debug */,
				3D7D0FBE1A9F9D8C0065E0FF /* Release */,
			);
			defaultConfigurationIsVisible = 0;
		};
/* End XCConfigurationList section */
	};
	rootObject = 3D7D0F941A9F9D890065E0FF /* Project object */;
}
